# generated by rye
# use `rye lock` or `rye sync` to update this lockfile
#
# last locked with the following flags:
#   pre: false
#   features: []
#   all-features: false
#   with-sources: false

-e file:.
beartype==0.19.0
    # via priompt
certifi==2024.8.30
    # via requests
charset-normalizer==3.4.0
    # via requests
idna==3.10
    # via requests
pyyaml==6.0.2
    # via priompt
regex==2024.11.6
    # via tiktoken
requests==2.32.3
    # via tiktoken
tiktoken==0.8.0
    # via priompt
typing-extensions==4.12.2
    # via priompt
ujson==5.10.0
    # via priompt
urllib3==2.2.3
    # via requests
