# generated by rye
# use `rye lock` or `rye sync` to update this lockfile
#
# last locked with the following flags:
#   pre: false
#   features: []
#   all-features: false
#   with-sources: false

-e file:.
asttokens==2.4.1
    # via sorcery
executing==2.1.0
    # via sorcery
littleutils==0.2.4
    # via sorcery
six==1.16.0
    # via asttokens
sorcery==0.2.2
    # via priompt
wrapt==1.17.0
    # via sorcery
