# generated by rye
# use `rye lock` or `rye sync` to update this lockfile
#
# last locked with the following flags:
#   pre: false
#   features: []
#   all-features: false
#   with-sources: false

-e file:.
asttokens==2.4.1
    # via stack-data
attrs==24.2.0
    # via hypothesis
beartype==0.19.0
    # via priompt
certifi==2024.8.30
    # via requests
charset-normalizer==3.4.0
    # via requests
decorator==5.1.1
    # via ipdb
    # via ipython
executing==2.1.0
    # via stack-data
hypothesis==6.119.4
idna==3.10
    # via requests
iniconfig==2.0.0
    # via pytest
ipdb==0.13.13
ipython==8.29.0
    # via ipdb
jedi==0.19.2
    # via ipython
matplotlib-inline==0.1.7
    # via ipython
packaging==24.2
    # via pytest
parso==0.8.4
    # via jedi
pexpect==4.9.0
    # via ipython
pluggy==1.5.0
    # via pytest
prompt-toolkit==3.0.48
    # via ipython
ptyprocess==0.7.0
    # via pexpect
pure-eval==0.2.3
    # via stack-data
pygments==2.18.0
    # via ipython
pytest==8.3.3
    # via pytest-asyncio
    # via syrupy
pytest-asyncio==0.24.0
pyyaml==6.0.2
    # via priompt
regex==2024.11.6
    # via tiktoken
requests==2.32.3
    # via tiktoken
six==1.16.0
    # via asttokens
sortedcontainers==2.4.0
    # via hypothesis
stack-data==0.6.3
    # via ipython
syrupy==4.8.0
tiktoken==0.8.0
    # via priompt
traitlets==5.14.3
    # via ipython
    # via matplotlib-inline
typing-extensions==4.12.2
    # via priompt
ujson==5.10.0
    # via priompt
urllib3==2.2.3
    # via requests
wcwidth==0.2.13
    # via prompt-toolkit
